// !$*UTF8*$!
{
	archiveVersion = 1;
	classes = {
	};
	objectVersion = 46;
	objects = {

/* Begin PBXBuildFile section */
		5C12AE481E78FB8E00DD7424 /* AppDelegate.swift in Sources */ = {isa = PBXBuildFile; fileRef = 5C12AE471E78FB8E00DD7424 /* AppDelegate.swift */; };
		5C12AE4D1E78FB8E00DD7424 /* Main.storyboard in Resources */ = {isa = PBXBuildFile; fileRef = 5C12AE4B1E78FB8E00DD7424 /* Main.storyboard */; };
		5C12AE501E78FB8E00DD7424 /* Rummikub_Companion.xcdatamodeld in Sources */ = {isa = PBXBuildFile; fileRef = 5C12AE4E1E78FB8E00DD7424 /* Rummikub_Companion.xcdatamodeld */; };
		5C12AE521E78FB8E00DD7424 /* Assets.xcassets in Resources */ = {isa = PBXBuildFile; fileRef = 5C12AE511E78FB8E00DD7424 /* Assets.xcassets */; };
		5C12AE551E78FB8E00DD7424 /* LaunchScreen.storyboard in Resources */ = {isa = PBXBuildFile; fileRef = 5C12AE531E78FB8E00DD7424 /* LaunchScreen.storyboard */; };
		5C12AE601E78FB8E00DD7424 /* Rummikub_CompanionTests.swift in Sources */ = {isa = PBXBuildFile; fileRef = 5C12AE5F1E78FB8E00DD7424 /* Rummikub_CompanionTests.swift */; };
		5C12AE6E1E78FCB100DD7424 /* Score.swift in Sources */ = {isa = PBXBuildFile; fileRef = 5C12AE6D1E78FCB100DD7424 /* Score.swift */; };
		5C12AE701E78FCED00DD7424 /* Player.swift in Sources */ = {isa = PBXBuildFile; fileRef = 5C12AE6F1E78FCED00DD7424 /* Player.swift */; };
		5C12AE721E79070400DD7424 /* Round.swift in Sources */ = {isa = PBXBuildFile; fileRef = 5C12AE711E79070400DD7424 /* Round.swift */; };
		5C12AE741E79079800DD7424 /* Brain.swift in Sources */ = {isa = PBXBuildFile; fileRef = 5C12AE731E79079800DD7424 /* Brain.swift */; };
		5C12AE781E79F09A00DD7424 /* newGameVC.swift in Sources */ = {isa = PBXBuildFile; fileRef = 5C12AE771E79F09A00DD7424 /* newGameVC.swift */; };
		5C537D3F1ECA59050045DD69 /* winnerVC.swift in Sources */ = {isa = PBXBuildFile; fileRef = 5C537D3E1ECA59050045DD69 /* winnerVC.swift */; };
		5C537D411ECA6BCE0045DD69 /* calculateScoreVC.swift in Sources */ = {isa = PBXBuildFile; fileRef = 5C537D401ECA6BCE0045DD69 /* calculateScoreVC.swift */; };
		5CA644931EDCD99B0031C52A /* ReviewScoresVC.swift in Sources */ = {isa = PBXBuildFile; fileRef = 5CA644921EDCD99B0031C52A /* ReviewScoresVC.swift */; };
		5CA644951EDE09B30031C52A /* PlayerScoreTableViewCell.swift in Sources */ = {isa = PBXBuildFile; fileRef = 5CA644941EDE09B30031C52A /* PlayerScoreTableViewCell.swift */; };
		5CCAD03A1EFE1A1F0016FA22 /* Background.png in Resources */ = {isa = PBXBuildFile; fileRef = 5CCAD0371EFE1A1F0016FA22 /* Background.png */; };
		5CCAD03B1EFE1A1F0016FA22 /* ContinueBtn.png in Resources */ = {isa = PBXBuildFile; fileRef = 5CCAD0381EFE1A1F0016FA22 /* ContinueBtn.png */; };
		5CCAD03C1EFE1A1F0016FA22 /* NewGameBtn.png in Resources */ = {isa = PBXBuildFile; fileRef = 5CCAD0391EFE1A1F0016FA22 /* NewGameBtn.png */; };
		5CD863211E7DC0370048FB8E /* PlayerNameTableViewCell.swift in Sources */ = {isa = PBXBuildFile; fileRef = 5CD863201E7DC0370048FB8E /* PlayerNameTableViewCell.swift */; };
		5CDA182F1EEB68E600C3966A /* firstVC.swift in Sources */ = {isa = PBXBuildFile; fileRef = 5CDA182E1EEB68E600C3966A /* firstVC.swift */; };
		5CF23B621EC0BB8500029F10 /* turnsVC.swift in Sources */ = {isa = PBXBuildFile; fileRef = 5CF23B611EC0BB8500029F10 /* turnsVC.swift */; };
/* End PBXBuildFile section */

/* Begin PBXContainerItemProxy section */
		5C12AE5C1E78FB8E00DD7424 /* PBXContainerItemProxy */ = {
			isa = PBXContainerItemProxy;
			containerPortal = 5C12AE3C1E78FB8D00DD7424 /* Project object */;
			proxyType = 1;
			remoteGlobalIDString = 5C12AE431E78FB8E00DD7424;
			remoteInfo = "Rummikub Companion";
		};
/* End PBXContainerItemProxy section */

/* Begin PBXFileReference section */
		5C12AE441E78FB8E00DD7424 /* Rummikub Companion.app */ = {isa = PBXFileReference; explicitFileType = wrapper.application; includeInIndex = 0; path = "Rummikub Companion.app"; sourceTree = BUILT_PRODUCTS_DIR; };
		5C12AE471E78FB8E00DD7424 /* AppDelegate.swift */ = {isa = PBXFileReference; lastKnownFileType = sourcecode.swift; path = AppDelegate.swift; sourceTree = "<group>"; };
		5C12AE4C1E78FB8E00DD7424 /* Base */ = {isa = PBXFileReference; lastKnownFileType = file.storyboard; name = Base; path = Base.lproj/Main.storyboard; sourceTree = "<group>"; };
		5C12AE4F1E78FB8E00DD7424 /* Rummikub_Companion.xcdatamodel */ = {isa = PBXFileReference; lastKnownFileType = wrapper.xcdatamodel; path = Rummikub_Companion.xcdatamodel; sourceTree = "<group>"; };
		5C12AE511E78FB8E00DD7424 /* Assets.xcassets */ = {isa = PBXFileReference; lastKnownFileType = folder.assetcatalog; path = Assets.xcassets; sourceTree = "<group>"; };
		5C12AE541E78FB8E00DD7424 /* Base */ = {isa = PBXFileReference; lastKnownFileType = file.storyboard; name = Base; path = Base.lproj/LaunchScreen.storyboard; sourceTree = "<group>"; };
		5C12AE561E78FB8E00DD7424 /* Info.plist */ = {isa = PBXFileReference; lastKnownFileType = text.plist.xml; path = Info.plist; sourceTree = "<group>"; };
		5C12AE5B1E78FB8E00DD7424 /* Rummikub CompanionTests.xctest */ = {isa = PBXFileReference; explicitFileType = wrapper.cfbundle; includeInIndex = 0; path = "Rummikub CompanionTests.xctest"; sourceTree = BUILT_PRODUCTS_DIR; };
		5C12AE5F1E78FB8E00DD7424 /* Rummikub_CompanionTests.swift */ = {isa = PBXFileReference; lastKnownFileType = sourcecode.swift; path = Rummikub_CompanionTests.swift; sourceTree = "<group>"; };
		5C12AE611E78FB8E00DD7424 /* Info.plist */ = {isa = PBXFileReference; lastKnownFileType = text.plist.xml; path = Info.plist; sourceTree = "<group>"; };
		5C12AE6D1E78FCB100DD7424 /* Score.swift */ = {isa = PBXFileReference; fileEncoding = 4; lastKnownFileType = sourcecode.swift; path = Score.swift; sourceTree = "<group>"; };
		5C12AE6F1E78FCED00DD7424 /* Player.swift */ = {isa = PBXFileReference; fileEncoding = 4; lastKnownFileType = sourcecode.swift; path = Player.swift; sourceTree = "<group>"; };
		5C12AE711E79070400DD7424 /* Round.swift */ = {isa = PBXFileReference; fileEncoding = 4; lastKnownFileType = sourcecode.swift; path = Round.swift; sourceTree = "<group>"; };
		5C12AE731E79079800DD7424 /* Brain.swift */ = {isa = PBXFileReference; fileEncoding = 4; lastKnownFileType = sourcecode.swift; path = Brain.swift; sourceTree = "<group>"; };
		5C12AE771E79F09A00DD7424 /* newGameVC.swift */ = {isa = PBXFileReference; fileEncoding = 4; lastKnownFileType = sourcecode.swift; path = newGameVC.swift; sourceTree = "<group>"; };
		5C537D3E1ECA59050045DD69 /* winnerVC.swift */ = {isa = PBXFileReference; fileEncoding = 4; lastKnownFileType = sourcecode.swift; path = winnerVC.swift; sourceTree = "<group>"; };
		5C537D401ECA6BCE0045DD69 /* calculateScoreVC.swift */ = {isa = PBXFileReference; fileEncoding = 4; lastKnownFileType = sourcecode.swift; path = calculateScoreVC.swift; sourceTree = "<group>"; };
		5CA644921EDCD99B0031C52A /* ReviewScoresVC.swift */ = {isa = PBXFileReference; fileEncoding = 4; lastKnownFileType = sourcecode.swift; name = ReviewScoresVC.swift; path = ../ReviewScoresVC.swift; sourceTree = "<group>"; };
		5CA644941EDE09B30031C52A /* PlayerScoreTableViewCell.swift */ = {isa = PBXFileReference; fileEncoding = 4; lastKnownFileType = sourcecode.swift; path = PlayerScoreTableViewCell.swift; sourceTree = "<group>"; };
		5CCAD0371EFE1A1F0016FA22 /* Background.png */ = {isa = PBXFileReference; lastKnownFileType = image.png; path = Background.png; sourceTree = "<group>"; };
		5CCAD0381EFE1A1F0016FA22 /* ContinueBtn.png */ = {isa = PBXFileReference; lastKnownFileType = image.png; path = ContinueBtn.png; sourceTree = "<group>"; };
		5CCAD0391EFE1A1F0016FA22 /* NewGameBtn.png */ = {isa = PBXFileReference; lastKnownFileType = image.png; path = NewGameBtn.png; sourceTree = "<group>"; };
		5CD863201E7DC0370048FB8E /* PlayerNameTableViewCell.swift */ = {isa = PBXFileReference; fileEncoding = 4; lastKnownFileType = sourcecode.swift; path = PlayerNameTableViewCell.swift; sourceTree = "<group>"; };
		5CDA182E1EEB68E600C3966A /* firstVC.swift */ = {isa = PBXFileReference; fileEncoding = 4; lastKnownFileType = sourcecode.swift; path = firstVC.swift; sourceTree = "<group>"; };
		5CF23B611EC0BB8500029F10 /* turnsVC.swift */ = {isa = PBXFileReference; fileEncoding = 4; lastKnownFileType = sourcecode.swift; path = turnsVC.swift; sourceTree = "<group>"; };
/* End PBXFileReference section */

/* Begin PBXFrameworksBuildPhase section */
		5C12AE411E78FB8E00DD7424 /* Frameworks */ = {
			isa = PBXFrameworksBuildPhase;
			buildActionMask = 2147483647;
			files = (
			);
			runOnlyForDeploymentPostprocessing = 0;
		};
		5C12AE581E78FB8E00DD7424 /* Frameworks */ = {
			isa = PBXFrameworksBuildPhase;
			buildActionMask = 2147483647;
			files = (
			);
			runOnlyForDeploymentPostprocessing = 0;
		};
/* End PBXFrameworksBuildPhase section */

/* Begin PBXGroup section */
		5C12AE3B1E78FB8D00DD7424 = {
			isa = PBXGroup;
			children = (
				5C12AE461E78FB8E00DD7424 /* Rummikub Companion */,
				5C12AE5E1E78FB8E00DD7424 /* Rummikub CompanionTests */,
				5C12AE451E78FB8E00DD7424 /* Products */,
			);
			sourceTree = "<group>";
		};
		5C12AE451E78FB8E00DD7424 /* Products */ = {
			isa = PBXGroup;
			children = (
				5C12AE441E78FB8E00DD7424 /* Rummikub Companion.app */,
				5C12AE5B1E78FB8E00DD7424 /* Rummikub CompanionTests.xctest */,
			);
			name = Products;
			sourceTree = "<group>";
		};
		5C12AE461E78FB8E00DD7424 /* Rummikub Companion */ = {
			isa = PBXGroup;
			children = (
				5CCAD0361EFE19FA0016FA22 /* Supporting Files */,
				5C12AE6A1E78FBF800DD7424 /* Model */,
				5C12AE6B1E78FC0700DD7424 /* View */,
				5C12AE6C1E78FC0F00DD7424 /* Controller */,
				5C12AE471E78FB8E00DD7424 /* AppDelegate.swift */,
				5C12AE4B1E78FB8E00DD7424 /* Main.storyboard */,
				5C12AE511E78FB8E00DD7424 /* Assets.xcassets */,
				5C12AE531E78FB8E00DD7424 /* LaunchScreen.storyboard */,
				5C12AE561E78FB8E00DD7424 /* Info.plist */,
				5C12AE4E1E78FB8E00DD7424 /* Rummikub_Companion.xcdatamodeld */,
			);
			path = "Rummikub Companion";
			sourceTree = "<group>";
		};
		5C12AE5E1E78FB8E00DD7424 /* Rummikub CompanionTests */ = {
			isa = PBXGroup;
			children = (
				5C12AE5F1E78FB8E00DD7424 /* Rummikub_CompanionTests.swift */,
				5C12AE611E78FB8E00DD7424 /* Info.plist */,
			);
			path = "Rummikub CompanionTests";
			sourceTree = "<group>";
		};
		5C12AE6A1E78FBF800DD7424 /* Model */ = {
			isa = PBXGroup;
			children = (
				5C12AE6D1E78FCB100DD7424 /* Score.swift */,
				5C12AE6F1E78FCED00DD7424 /* Player.swift */,
				5C12AE711E79070400DD7424 /* Round.swift */,
				5C12AE731E79079800DD7424 /* Brain.swift */,
			);
			name = Model;
			sourceTree = "<group>";
		};
		5C12AE6B1E78FC0700DD7424 /* View */ = {
			isa = PBXGroup;
			children = (
				5CD863201E7DC0370048FB8E /* PlayerNameTableViewCell.swift */,
				5CA644941EDE09B30031C52A /* PlayerScoreTableViewCell.swift */,
			);
			name = View;
			sourceTree = "<group>";
		};
		5C12AE6C1E78FC0F00DD7424 /* Controller */ = {
			isa = PBXGroup;
			children = (
				5CDA182E1EEB68E600C3966A /* firstVC.swift */,
				5CA644921EDCD99B0031C52A /* ReviewScoresVC.swift */,
				5C12AE771E79F09A00DD7424 /* newGameVC.swift */,
				5C537D401ECA6BCE0045DD69 /* calculateScoreVC.swift */,
				5CF23B611EC0BB8500029F10 /* turnsVC.swift */,
				5C537D3E1ECA59050045DD69 /* winnerVC.swift */,
			);
			name = Controller;
			sourceTree = "<group>";
		};
		5CCAD0361EFE19FA0016FA22 /* Supporting Files */ = {
			isa = PBXGroup;
			children = (
				5CCAD0371EFE1A1F0016FA22 /* Background.png */,
				5CCAD0381EFE1A1F0016FA22 /* ContinueBtn.png */,
				5CCAD0391EFE1A1F0016FA22 /* NewGameBtn.png */,
			);
			name = "Supporting Files";
			sourceTree = "<group>";
		};
/* End PBXGroup section */

/* Begin PBXNativeTarget section */
		5C12AE431E78FB8E00DD7424 /* Rummikub Companion */ = {
			isa = PBXNativeTarget;
			buildConfigurationList = 5C12AE641E78FB8E00DD7424 /* Build configuration list for PBXNativeTarget "Rummikub Companion" */;
			buildPhases = (
				5C12AE401E78FB8E00DD7424 /* Sources */,
				5C12AE411E78FB8E00DD7424 /* Frameworks */,
				5C12AE421E78FB8E00DD7424 /* Resources */,
			);
			buildRules = (
			);
			dependencies = (
			);
			name = "Rummikub Companion";
			productName = "Rummikub Companion";
			productReference = 5C12AE441E78FB8E00DD7424 /* Rummikub Companion.app */;
			productType = "com.apple.product-type.application";
		};
		5C12AE5A1E78FB8E00DD7424 /* Rummikub CompanionTests */ = {
			isa = PBXNativeTarget;
			buildConfigurationList = 5C12AE671E78FB8E00DD7424 /* Build configuration list for PBXNativeTarget "Rummikub CompanionTests" */;
			buildPhases = (
				5C12AE571E78FB8E00DD7424 /* Sources */,
				5C12AE581E78FB8E00DD7424 /* Frameworks */,
				5C12AE591E78FB8E00DD7424 /* Resources */,
			);
			buildRules = (
			);
			dependencies = (
				5C12AE5D1E78FB8E00DD7424 /* PBXTargetDependency */,
			);
			name = "Rummikub CompanionTests";
			productName = "Rummikub CompanionTests";
			productReference = 5C12AE5B1E78FB8E00DD7424 /* Rummikub CompanionTests.xctest */;
			productType = "com.apple.product-type.bundle.unit-test";
		};
/* End PBXNativeTarget section */

/* Begin PBXProject section */
		5C12AE3C1E78FB8D00DD7424 /* Project object */ = {
			isa = PBXProject;
			attributes = {
				LastSwiftUpdateCheck = 0810;
				LastUpgradeCheck = 0830;
				ORGANIZATIONNAME = evtApps;
				TargetAttributes = {
					5C12AE431E78FB8E00DD7424 = {
						CreatedOnToolsVersion = 8.1;
						DevelopmentTeam = VW2K8DC63C;
						ProvisioningStyle = Automatic;
					};
					5C12AE5A1E78FB8E00DD7424 = {
						CreatedOnToolsVersion = 8.1;
						DevelopmentTeam = VW2K8DC63C;
						ProvisioningStyle = Automatic;
						TestTargetID = 5C12AE431E78FB8E00DD7424;
					};
				};
			};
			buildConfigurationList = 5C12AE3F1E78FB8D00DD7424 /* Build configuration list for PBXProject "Rummikub Companion" */;
			compatibilityVersion = "Xcode 3.2";
			developmentRegion = English;
			hasScannedForEncodings = 0;
			knownRegions = (
				en,
				Base,
			);
			mainGroup = 5C12AE3B1E78FB8D00DD7424;
			productRefGroup = 5C12AE451E78FB8E00DD7424 /* Products */;
			projectDirPath = "";
			projectRoot = "";
			targets = (
				5C12AE431E78FB8E00DD7424 /* Rummikub Companion */,
				5C12AE5A1E78FB8E00DD7424 /* Rummikub CompanionTests */,
			);
		};
/* End PBXProject section */

/* Begin PBXResourcesBuildPhase section */
		5C12AE421E78FB8E00DD7424 /* Resources */ = {
			isa = PBXResourcesBuildPhase;
			buildActionMask = 2147483647;
			files = (
				5C12AE551E78FB8E00DD7424 /* LaunchScreen.storyboard in Resources */,
				5CCAD03A1EFE1A1F0016FA22 /* Background.png in Resources */,
				5C12AE521E78FB8E00DD7424 /* Assets.xcassets in Resources */,
				5CCAD03C1EFE1A1F0016FA22 /* NewGameBtn.png in Resources */,
				5CCAD03B1EFE1A1F0016FA22 /* ContinueBtn.png in Resources */,
				5C12AE4D1E78FB8E00DD7424 /* Main.storyboard in Resources */,
			);
			runOnlyForDeploymentPostprocessing = 0;
		};
		5C12AE591E78FB8E00DD7424 /* Resources */ = {
			isa = PBXResourcesBuildPhase;
			buildActionMask = 2147483647;
			files = (
			);
			runOnlyForDeploymentPostprocessing = 0;
		};
/* End PBXResourcesBuildPhase section */

/* Begin PBXSourcesBuildPhase section */
		5C12AE401E78FB8E00DD7424 /* Sources */ = {
			isa = PBXSourcesBuildPhase;
			buildActionMask = 2147483647;
			files = (
				5C12AE501E78FB8E00DD7424 /* Rummikub_Companion.xcdatamodeld in Sources */,
				5C12AE6E1E78FCB100DD7424 /* Score.swift in Sources */,
				5CD863211E7DC0370048FB8E /* PlayerNameTableViewCell.swift in Sources */,
				5C12AE701E78FCED00DD7424 /* Player.swift in Sources */,
				5C12AE741E79079800DD7424 /* Brain.swift in Sources */,
				5C12AE721E79070400DD7424 /* Round.swift in Sources */,
				5CA644951EDE09B30031C52A /* PlayerScoreTableViewCell.swift in Sources */,
				5C12AE481E78FB8E00DD7424 /* AppDelegate.swift in Sources */,
				5C537D411ECA6BCE0045DD69 /* calculateScoreVC.swift in Sources */,
				5CDA182F1EEB68E600C3966A /* firstVC.swift in Sources */,
				5CA644931EDCD99B0031C52A /* ReviewScoresVC.swift in Sources */,
				5C12AE781E79F09A00DD7424 /* newGameVC.swift in Sources */,
				5C537D3F1ECA59050045DD69 /* winnerVC.swift in Sources */,
				5CF23B621EC0BB8500029F10 /* turnsVC.swift in Sources */,
			);
			runOnlyForDeploymentPostprocessing = 0;
		};
		5C12AE571E78FB8E00DD7424 /* Sources */ = {
			isa = PBXSourcesBuildPhase;
			buildActionMask = 2147483647;
			files = (
				5C12AE601E78FB8E00DD7424 /* Rummikub_CompanionTests.swift in Sources */,
			);
			runOnlyForDeploymentPostprocessing = 0;
		};
/* End PBXSourcesBuildPhase section */

/* Begin PBXTargetDependency section */
		5C12AE5D1E78FB8E00DD7424 /* PBXTargetDependency */ = {
			isa = PBXTargetDependency;
			target = 5C12AE431E78FB8E00DD7424 /* Rummikub Companion */;
			targetProxy = 5C12AE5C1E78FB8E00DD7424 /* PBXContainerItemProxy */;
		};
/* End PBXTargetDependency section */

/* Begin PBXVariantGroup section */
		5C12AE4B1E78FB8E00DD7424 /* Main.storyboard */ = {
			isa = PBXVariantGroup;
			children = (
				5C12AE4C1E78FB8E00DD7424 /* Base */,
			);
			name = Main.storyboard;
			sourceTree = "<group>";
		};
		5C12AE531E78FB8E00DD7424 /* LaunchScreen.storyboard */ = {
			isa = PBXVariantGroup;
			children = (
				5C12AE541E78FB8E00DD7424 /* Base */,
			);
			name = LaunchScreen.storyboard;
			sourceTree = "<group>";
		};
/* End PBXVariantGroup section */

/* Begin XCBuildConfiguration section */
		5C12AE621E78FB8E00DD7424 /* Debug */ = {
			isa = XCBuildConfiguration;
			buildSettings = {
				ALWAYS_SEARCH_USER_PATHS = NO;
				CLANG_ANALYZER_NONNULL = YES;
				CLANG_CXX_LANGUAGE_STANDARD = "gnu++0x";
				CLANG_CXX_LIBRARY = "libc++";
				CLANG_ENABLE_MODULES = YES;
				CLANG_ENABLE_OBJC_ARC = YES;
				CLANG_WARN_BOOL_CONVERSION = YES;
				CLANG_WARN_CONSTANT_CONVERSION = YES;
				CLANG_WARN_DIRECT_OBJC_ISA_USAGE = YES_ERROR;
				CLANG_WARN_DOCUMENTATION_COMMENTS = YES;
				CLANG_WARN_EMPTY_BODY = YES;
				CLANG_WARN_ENUM_CONVERSION = YES;
				CLANG_WARN_INFINITE_RECURSION = YES;
				CLANG_WARN_INT_CONVERSION = YES;
				CLANG_WARN_OBJC_ROOT_CLASS = YES_ERROR;
				CLANG_WARN_SUSPICIOUS_MOVE = YES;
				CLANG_WARN_SUSPICIOUS_MOVES = YES;
				CLANG_WARN_UNREACHABLE_CODE = YES;
				CLANG_WARN__DUPLICATE_METHOD_MATCH = YES;
				"CODE_SIGN_IDENTITY[sdk=iphoneos*]" = "iPhone Developer";
				COPY_PHASE_STRIP = NO;
				DEBUG_INFORMATION_FORMAT = dwarf;
				ENABLE_STRICT_OBJC_MSGSEND = YES;
				ENABLE_TESTABILITY = YES;
				GCC_C_LANGUAGE_STANDARD = gnu99;
				GCC_DYNAMIC_NO_PIC = NO;
				GCC_NO_COMMON_BLOCKS = YES;
				GCC_OPTIMIZATION_LEVEL = 0;
				GCC_PREPROCESSOR_DEFINITIONS = (
					"DEBUG=1",
					"$(inherited)",
				);
				GCC_WARN_64_TO_32_BIT_CONVERSION = YES;
				GCC_WARN_ABOUT_RETURN_TYPE = YES_ERROR;
				GCC_WARN_UNDECLARED_SELECTOR = YES;
				GCC_WARN_UNINITIALIZED_AUTOS = YES_AGGRESSIVE;
				GCC_WARN_UNUSED_FUNCTION = YES;
				GCC_WARN_UNUSED_VARIABLE = YES;
				IPHONEOS_DEPLOYMENT_TARGET = 10.1;
				MTL_ENABLE_DEBUG_INFO = YES;
				ONLY_ACTIVE_ARCH = YES;
				SDKROOT = iphoneos;
				SWIFT_ACTIVE_COMPILATION_CONDITIONS = DEBUG;
				SWIFT_OPTIMIZATION_LEVEL = "-Onone";
				TARGETED_DEVICE_FAMILY = "1,2";
			};
			name = Debug;
		};
		5C12AE631E78FB8E00DD7424 /* Release */ = {
			isa = XCBuildConfiguration;
			buildSettings = {
				ALWAYS_SEARCH_USER_PATHS = NO;
				CLANG_ANALYZER_NONNULL = YES;
				CLANG_CXX_LANGUAGE_STANDARD = "gnu++0x";
				CLANG_CXX_LIBRARY = "libc++";
				CLANG_ENABLE_MODULES = YES;
				CLANG_ENABLE_OBJC_ARC = YES;
				CLANG_WARN_BOOL_CONVERSION = YES;
				CLANG_WARN_CONSTANT_CONVERSION = YES;
				CLANG_WARN_DIRECT_OBJC_ISA_USAGE = YES_ERROR;
				CLANG_WARN_DOCUMENTATION_COMMENTS = YES;
				CLANG_WARN_EMPTY_BODY = YES;
				CLANG_WARN_ENUM_CONVERSION = YES;
				CLANG_WARN_INFINITE_RECURSION = YES;
				CLANG_WARN_INT_CONVERSION = YES;
				CLANG_WARN_OBJC_ROOT_CLASS = YES_ERROR;
				CLANG_WARN_SUSPICIOUS_MOVE = YES;
				CLANG_WARN_SUSPICIOUS_MOVES = YES;
				CLANG_WARN_UNREACHABLE_CODE = YES;
				CLANG_WARN__DUPLICATE_METHOD_MATCH = YES;
				"CODE_SIGN_IDENTITY[sdk=iphoneos*]" = "iPhone Developer";
				COPY_PHASE_STRIP = NO;
				DEBUG_INFORMATION_FORMAT = "dwarf-with-dsym";
				ENABLE_NS_ASSERTIONS = NO;
				ENABLE_STRICT_OBJC_MSGSEND = YES;
				GCC_C_LANGUAGE_STANDARD = gnu99;
				GCC_NO_COMMON_BLOCKS = YES;
				GCC_WARN_64_TO_32_BIT_CONVERSION = YES;
				GCC_WARN_ABOUT_RETURN_TYPE = YES_ERROR;
				GCC_WARN_UNDECLARED_SELECTOR = YES;
				GCC_WARN_UNINITIALIZED_AUTOS = YES_AGGRESSIVE;
				GCC_WARN_UNUSED_FUNCTION = YES;
				GCC_WARN_UNUSED_VARIABLE = YES;
				IPHONEOS_DEPLOYMENT_TARGET = 10.1;
				MTL_ENABLE_DEBUG_INFO = NO;
				SDKROOT = iphoneos;
				SWIFT_OPTIMIZATION_LEVEL = "-Owholemodule";
				TARGETED_DEVICE_FAMILY = "1,2";
				VALIDATE_PRODUCT = YES;
			};
			name = Release;
		};
		5C12AE651E78FB8E00DD7424 /* Debug */ = {
			isa = XCBuildConfiguration;
			buildSettings = {
				ASSETCATALOG_COMPILER_APPICON_NAME = AppIcon;
				DEVELOPMENT_TEAM = VW2K8DC63C;
				INFOPLIST_FILE = "Rummikub Companion/Info.plist";
				LD_RUNPATH_SEARCH_PATHS = "$(inherited) @executable_path/Frameworks";
				PRODUCT_BUNDLE_IDENTIFIER = "com.evtapps.Rummikub-Companion";
				PRODUCT_NAME = "$(TARGET_NAME)";
				SWIFT_VERSION = 3.0;
			};
			name = Debug;
		};
		5C12AE661E78FB8E00DD7424 /* Release */ = {
			isa = XCBuildConfiguration;
			buildSettings = {
				ASSETCATALOG_COMPILER_APPICON_NAME = AppIcon;
				DEVELOPMENT_TEAM = VW2K8DC63C;
				INFOPLIST_FILE = "Rummikub Companion/Info.plist";
				LD_RUNPATH_SEARCH_PATHS = "$(inherited) @executable_path/Frameworks";
				PRODUCT_BUNDLE_IDENTIFIER = "com.evtapps.Rummikub-Companion";
				PRODUCT_NAME = "$(TARGET_NAME)";
				SWIFT_VERSION = 3.0;
			};
			name = Release;
		};
		5C12AE681E78FB8E00DD7424 /* Debug */ = {
			isa = XCBuildConfiguration;
			buildSettings = {
				ALWAYS_EMBED_SWIFT_STANDARD_LIBRARIES = YES;
				BUNDLE_LOADER = "$(TEST_HOST)";
				DEVELOPMENT_TEAM = VW2K8DC63C;
				INFOPLIST_FILE = "Rummikub CompanionTests/Info.plist";
				LD_RUNPATH_SEARCH_PATHS = "$(inherited) @executable_path/Frameworks @loader_path/Frameworks";
				PRODUCT_BUNDLE_IDENTIFIER = "com.evtapps.Rummikub-CompanionTests";
				PRODUCT_NAME = "$(TARGET_NAME)";
				SWIFT_VERSION = 3.0;
				TEST_HOST = "$(BUILT_PRODUCTS_DIR)/Rummikub Companion.app/Rummikub Companion";
			};
			name = Debug;
		};
		5C12AE691E78FB8E00DD7424 /* Release */ = {
			isa = XCBuildConfiguration;
			buildSettings = {
				ALWAYS_EMBED_SWIFT_STANDARD_LIBRARIES = YES;
				BUNDLE_LOADER = "$(TEST_HOST)";
				DEVELOPMENT_TEAM = VW2K8DC63C;
				INFOPLIST_FILE = "Rummikub CompanionTests/Info.plist";
				LD_RUNPATH_SEARCH_PATHS = "$(inherited) @executable_path/Frameworks @loader_path/Frameworks";
				PRODUCT_BUNDLE_IDENTIFIER = "com.evtapps.Rummikub-CompanionTests";
				PRODUCT_NAME = "$(TARGET_NAME)";
				SWIFT_VERSION = 3.0;
				TEST_HOST = "$(BUILT_PRODUCTS_DIR)/Rummikub Companion.app/Rummikub Companion";
			};
			name = Release;
		};
/* End XCBuildConfiguration section */

/* Begin XCConfigurationList section */
		5C12AE3F1E78FB8D00DD7424 /* Build configuration list for PBXProject "Rummikub Companion" */ = {
			isa = XCConfigurationList;
			buildConfigurations = (
				5C12AE621E78FB8E00DD7424 /* Debug */,
				5C12AE631E78FB8E00DD7424 /* Release */,
			);
			defaultConfigurationIsVisible = 0;
			defaultConfigurationName = Release;
		};
		5C12AE641E78FB8E00DD7424 /* Build configuration list for PBXNativeTarget "Rummikub Companion" */ = {
			isa = XCConfigurationList;
			buildConfigurations = (
				5C12AE651E78FB8E00DD7424 /* Debug */,
				5C12AE661E78FB8E00DD7424 /* Release */,
			);
			defaultConfigurationIsVisible = 0;
			defaultConfigurationName = Release;
		};
		5C12AE671E78FB8E00DD7424 /* Build configuration list for PBXNativeTarget "Rummikub CompanionTests" */ = {
			isa = XCConfigurationList;
			buildConfigurations = (
				5C12AE681E78FB8E00DD7424 /* Debug */,
				5C12AE691E78FB8E00DD7424 /* Release */,
			);
			defaultConfigurationIsVisible = 0;
			defaultConfigurationName = Release;
		};
/* End XCConfigurationList section */

/* Begin XCVersionGroup section */
		5C12AE4E1E78FB8E00DD7424 /* Rummikub_Companion.xcdatamodeld */ = {
			isa = XCVersionGroup;
			children = (
				5C12AE4F1E78FB8E00DD7424 /* Rummikub_Companion.xcdatamodel */,
			);
			currentVersion = 5C12AE4F1E78FB8E00DD7424 /* Rummikub_Companion.xcdatamodel */;
			path = Rummikub_Companion.xcdatamodeld;
			sourceTree = "<group>";
			versionGroupType = wrapper.xcdatamodel;
		};
/* End XCVersionGroup section */
	};
	rootObject = 5C12AE3C1E78FB8D00DD7424 /* Project object */;
}
